<?xml version="1.0" encoding="utf-8"?>
<Project ToolsVersion="4.0" xmlns="http://schemas.microsoft.com/developer/msbuild/2003">
  <ItemGroup>
    <Filter Include="Source Files">
      <UniqueIdentifier>{4FC737F1-C7A5-4376-A066-2A32D752A2FF}</UniqueIdentifier>
      <Extensions>cpp;c;cc;cxx;def;odl;idl;hpj;bat;asm;asmx</Extensions>
    </Filter>
    <Filter Include="Header Files">
      <UniqueIdentifier>{93995380-89BD-4b04-88EB-625FBE52EBFB}</UniqueIdentifier>
      <Extensions>h;hh;hpp;hxx;hm;inl;inc;ipp;xsd</Extensions>
    </Filter>
    <Filter Include="Resource Files">
      <UniqueIdentifier>{67DA6AB6-F800-4c08-8B7A-83BB121AAD01}</UniqueIdentifier>
      <Extensions>rc;ico;cur;bmp;dlg;rc2;rct;bin;rgs;gif;jpg;jpeg;jpe;resx;tiff;tif;png;wav;mfcribbon-ms</Extensions>
    </Filter>
  </ItemGroup>
  <ItemGroup>
    <ClCompile Include="main.cpp">
      <Filter>Source Files</Filter>
    </ClCompile>
    <ClCompile Include="fileInput.cpp">
      <Filter>Source Files</Filter>
    </ClCompile>
    <ClCompile Include="userInterface.cpp">
      <Filter>Source Files</Filter>
    </ClCompile>
    <ClCompile Include="util.cpp">
      <Filter>Source Files</Filter>
    </ClCompile>
    <ClCompile Include="greyScaleConversion.cpp">
      <Filter>Source Files</Filter>
    </ClCompile>
    <ClCompile Include="videoData.cpp">
      <Filter>Source Files</Filter>
    </ClCompile>
    <ClCompile Include="preVideoProcessing.cpp">
      <Filter>Source Files</Filter>
    </ClCompile>
    <ClCompile Include="VideoDM.cpp">
      <Filter>Source Files</Filter>
    </ClCompile>
    <ClCompile Include="DataModel.cpp">
      <Filter>Source Files</Filter>
    </ClCompile>
    <ClCompile Include="FullDataModel.cpp">
      <Filter>Source Files</Filter>
    </ClCompile>
    <ClCompile Include="EulerDistance.cpp">
      <Filter>Source Files</Filter>
    </ClCompile>
    <ClCompile Include="ZeroMeanCosineSim.cpp">
      <Filter>Source Files</Filter>
    </ClCompile>
    <ClCompile Include="CosineSim.cpp">
      <Filter>Source Files</Filter>
    </ClCompile>
    <ClCompile Include="DCT.cpp">
      <Filter>Source Files</Filter>
    </ClCompile>
  </ItemGroup>
  <ItemGroup>
    <ClInclude Include="fileInput.h">
      <Filter>Header Files</Filter>
    </ClInclude>
    <ClInclude Include="userInterface.h">
      <Filter>Header Files</Filter>
    </ClInclude>
    <ClInclude Include="util.h">
      <Filter>Header Files</Filter>
    </ClInclude>
    <ClInclude Include="BMPHeader.h">
      <Filter>Header Files</Filter>
    </ClInclude>
    <ClInclude Include="greyScaleConversion.h">
      <Filter>Header Files</Filter>
    </ClInclude>
    <ClInclude Include="videoData.h">
      <Filter>Header Files</Filter>
    </ClInclude>
    <ClInclude Include="preVideoProcessing.h">
      <Filter>Header Files</Filter>
    </ClInclude>
    <ClInclude Include="videoDM.h">
      <Filter>Header Files</Filter>
    </ClInclude>
    <ClInclude Include="DataModel.h">
      <Filter>Header Files</Filter>
    </ClInclude>
    <ClInclude Include="FullDataModel.h">
      <Filter>Header Files</Filter>
    </ClInclude>
    <ClInclude Include="EulerDistance.h">
      <Filter>Header Files</Filter>
    </ClInclude>
    <ClInclude Include="ZeroMeanCosineSim.h">
      <Filter>Header Files</Filter>
    </ClInclude>
    <ClInclude Include="CosineSim.h">
      <Filter>Header Files</Filter>
    </ClInclude>
  </ItemGroup>
</Project>